// !$*UTF8*$!
{
	archiveVersion = 1;
	classes = {
	};
	objectVersion = 56;
	objects = {

/* Begin PBXBuildFile section */
		32F86FC62C870C5F00B30A88 /* ZeusAppApp.swift in Sources */ = {isa = PBXBuildFile; fileRef = 32F86FC52C870C5F00B30A88 /* ZeusAppApp.swift */; };
		32F86FC82C870C5F00B30A88 /* ContentView.swift in Sources */ = {isa = PBXBuildFile; fileRef = 32F86FC72C870C5F00B30A88 /* ContentView.swift */; };
		32F86FCA2C870C6000B30A88 /* Assets.xcassets in Resources */ = {isa = PBXBuildFile; fileRef = 32F86FC92C870C6000B30A88 /* Assets.xcassets */; };
		32F86FCE2C870C6000B30A88 /* Preview Assets.xcassets in Resources */ = {isa = PBXBuildFile; fileRef = 32F86FCD2C870C6000B30A88 /* Preview Assets.xcassets */; };
		32F86FD82C870C6000B30A88 /* ZeusAppTests.swift in Sources */ = {isa = PBXBuildFile; fileRef = 32F86FD72C870C6000B30A88 /* ZeusAppTests.swift */; };
		32F86FE22C870C6000B30A88 /* ZeusAppUITests.swift in Sources */ = {isa = PBXBuildFile; fileRef = 32F86FE12C870C6000B30A88 /* ZeusAppUITests.swift */; };
		32F86FE42C870C6000B30A88 /* ZeusAppUITestsLaunchTests.swift in Sources */ = {isa = PBXBuildFile; fileRef = 32F86FE32C870C6000B30A88 /* ZeusAppUITestsLaunchTests.swift */; };
/* End PBXBuildFile section */

/* Begin PBXContainerItemProxy section */
		32F86FD42C870C6000B30A88 /* PBXContainerItemProxy */ = {
			isa = PBXContainerItemProxy;
			containerPortal = 32F86FBA2C870C5F00B30A88 /* Project object */;
			proxyType = 1;
			remoteGlobalIDString = 32F86FC12C870C5F00B30A88;
			remoteInfo = ZeusApp;
		};
		32F86FDE2C870C6000B30A88 /* PBXContainerItemProxy */ = {
			isa = PBXContainerItemProxy;
			containerPortal = 32F86FBA2C870C5F00B30A88 /* Project object */;
			proxyType = 1;
			remoteGlobalIDString = 32F86FC12C870C5F00B30A88;
			remoteInfo = ZeusApp;
		};
/* End PBXContainerItemProxy section */

/* Begin PBXFileReference section */
		32F86FC22C870C5F00B30A88 /* ZeusApp.app */ = {isa = PBXFileReference; explicitFileType = wrapper.application; includeInIndex = 0; path = ZeusApp.app; sourceTree = BUILT_PRODUCTS_DIR; };
		32F86FC52C870C5F00B30A88 /* ZeusAppApp.swift */ = {isa = PBXFileReference; lastKnownFileType = sourcecode.swift; path = ZeusAppApp.swift; sourceTree = "<group>"; };
		32F86FC72C870C5F00B30A88 /* ContentView.swift */ = {isa = PBXFileReference; lastKnownFileType = sourcecode.swift; path = ContentView.swift; sourceTree = "<group>"; };
		32F86FC92C870C6000B30A88 /* Assets.xcassets */ = {isa = PBXFileReference; lastKnownFileType = folder.assetcatalog; path = Assets.xcassets; sourceTree = "<group>"; };
		32F86FCB2C870C6000B30A88 /* ZeusApp.entitlements */ = {isa = PBXFileReference; lastKnownFileType = text.plist.entitlements; path = ZeusApp.entitlements; sourceTree = "<group>"; };
		32F86FCD2C870C6000B30A88 /* Preview Assets.xcassets */ = {isa = PBXFileReference; lastKnownFileType = folder.assetcatalog; path = "Preview Assets.xcassets"; sourceTree = "<group>"; };
		32F86FD32C870C6000B30A88 /* ZeusAppTests.xctest */ = {isa = PBXFileReference; explicitFileType = wrapper.cfbundle; includeInIndex = 0; path = ZeusAppTests.xctest; sourceTree = BUILT_PRODUCTS_DIR; };
		32F86FD72C870C6000B30A88 /* ZeusAppTests.swift */ = {isa = PBXFileReference; lastKnownFileType = sourcecode.swift; path = ZeusAppTests.swift; sourceTree = "<group>"; };
		32F86FDD2C870C6000B30A88 /* ZeusAppUITests.xctest */ = {isa = PBXFileReference; explicitFileType = wrapper.cfbundle; includeInIndex = 0; path = ZeusAppUITests.xctest; sourceTree = BUILT_PRODUCTS_DIR; };
		32F86FE12C870C6000B30A88 /* ZeusAppUITests.swift */ = {isa = PBXFileReference; lastKnownFileType = sourcecode.swift; path = ZeusAppUITests.swift; sourceTree = "<group>"; };
		32F86FE32C870C6000B30A88 /* ZeusAppUITestsLaunchTests.swift */ = {isa = PBXFileReference; lastKnownFileType = sourcecode.swift; path = ZeusAppUITestsLaunchTests.swift; sourceTree = "<group>"; };
/* End PBXFileReference section */

/* Begin PBXFrameworksBuildPhase section */
		32F86FBF2C870C5F00B30A88 /* Frameworks */ = {
			isa = PBXFrameworksBuildPhase;
			buildActionMask = 2147483647;
			files = (
			);
			runOnlyForDeploymentPostprocessing = 0;
		};
		32F86FD02C870C6000B30A88 /* Frameworks */ = {
			isa = PBXFrameworksBuildPhase;
			buildActionMask = 2147483647;
			files = (
			);
			runOnlyForDeploymentPostprocessing = 0;
		};
		32F86FDA2C870C6000B30A88 /* Frameworks */ = {
			isa = PBXFrameworksBuildPhase;
			buildActionMask = 2147483647;
			files = (
			);
			runOnlyForDeploymentPostprocessing = 0;
		};
/* End PBXFrameworksBuildPhase section */

/* Begin PBXGroup section */
		32F86FB92C870C5F00B30A88 = {
			isa = PBXGroup;
			children = (
				32F86FC42C870C5F00B30A88 /* ZeusApp */,
				32F86FD62C870C6000B30A88 /* ZeusAppTests */,
				32F86FE02C870C6000B30A88 /* ZeusAppUITests */,
				32F86FC32C870C5F00B30A88 /* Products */,
			);
			sourceTree = "<group>";
		};
		32F86FC32C870C5F00B30A88 /* Products */ = {
			isa = PBXGroup;
			children = (
				32F86FC22C870C5F00B30A88 /* ZeusApp.app */,
				32F86FD32C870C6000B30A88 /* ZeusAppTests.xctest */,
				32F86FDD2C870C6000B30A88 /* ZeusAppUITests.xctest */,
			);
			name = Products;
			sourceTree = "<group>";
		};
		32F86FC42C870C5F00B30A88 /* ZeusApp */ = {
			isa = PBXGroup;
			children = (
				32F86FC52C870C5F00B30A88 /* ZeusAppApp.swift */,
				32F86FC72C870C5F00B30A88 /* ContentView.swift */,
				32F86FC92C870C6000B30A88 /* Assets.xcassets */,
				32F86FCB2C870C6000B30A88 /* ZeusApp.entitlements */,
				32F86FCC2C870C6000B30A88 /* Preview Content */,
			);
			path = ZeusApp;
			sourceTree = "<group>";
		};
		32F86FCC2C870C6000B30A88 /* Preview Content */ = {
			isa = PBXGroup;
			children = (
				32F86FCD2C870C6000B30A88 /* Preview Assets.xcassets */,
			);
			path = "Preview Content";
			sourceTree = "<group>";
		};
		32F86FD62C870C6000B30A88 /* ZeusAppTests */ = {
			isa = PBXGroup;
			children = (
				32F86FD72C870C6000B30A88 /* ZeusAppTests.swift */,
			);
			path = ZeusAppTests;
			sourceTree = "<group>";
		};
		32F86FE02C870C6000B30A88 /* ZeusAppUITests */ = {
			isa = PBXGroup;
			children = (
				32F86FE12C870C6000B30A88 /* ZeusAppUITests.swift */,
				32F86FE32C870C6000B30A88 /* ZeusAppUITestsLaunchTests.swift */,
			);
			path = ZeusAppUITests;
			sourceTree = "<group>";
		};
/* End PBXGroup section */

/* Begin PBXNativeTarget section */
		32F86FC12C870C5F00B30A88 /* ZeusApp */ = {
			isa = PBXNativeTarget;
			buildConfigurationList = 32F86FE72C870C6000B30A88 /* Build configuration list for PBXNativeTarget "ZeusApp" */;
			buildPhases = (
				32F86FBE2C870C5F00B30A88 /* Sources */,
				32F86FBF2C870C5F00B30A88 /* Frameworks */,
				32F86FC02C870C5F00B30A88 /* Resources */,
			);
			buildRules = (
			);
			dependencies = (
			);
			name = ZeusApp;
			productName = ZeusApp;
			productReference = 32F86FC22C870C5F00B30A88 /* ZeusApp.app */;
			productType = "com.apple.product-type.application";
		};
		32F86FD22C870C6000B30A88 /* ZeusAppTests */ = {
			isa = PBXNativeTarget;
			buildConfigurationList = 32F86FEA2C870C6000B30A88 /* Build configuration list for PBXNativeTarget "ZeusAppTests" */;
			buildPhases = (
				32F86FCF2C870C6000B30A88 /* Sources */,
				32F86FD02C870C6000B30A88 /* Frameworks */,
				32F86FD12C870C6000B30A88 /* Resources */,
			);
			buildRules = (
			);
			dependencies = (
				32F86FD52C870C6000B30A88 /* PBXTargetDependency */,
			);
			name = ZeusAppTests;
			productName = ZeusAppTests;
			productReference = 32F86FD32C870C6000B30A88 /* ZeusAppTests.xctest */;
			productType = "com.apple.product-type.bundle.unit-test";
		};
		32F86FDC2C870C6000B30A88 /* ZeusAppUITests */ = {
			isa = PBXNativeTarget;
			buildConfigurationList = 32F86FED2C870C6000B30A88 /* Build configuration list for PBXNativeTarget "ZeusAppUITests" */;
			buildPhases = (
				32F86FD92C870C6000B30A88 /* Sources */,
				32F86FDA2C870C6000B30A88 /* Frameworks */,
				32F86FDB2C870C6000B30A88 /* Resources */,
			);
			buildRules = (
			);
			dependencies = (
				32F86FDF2C870C6000B30A88 /* PBXTargetDependency */,
			);
			name = ZeusAppUITests;
			productName = ZeusAppUITests;
			productReference = 32F86FDD2C870C6000B30A88 /* ZeusAppUITests.xctest */;
			productType = "com.apple.product-type.bundle.ui-testing";
		};
/* End PBXNativeTarget section */

/* Begin PBXProject section */
		32F86FBA2C870C5F00B30A88 /* Project object */ = {
			isa = PBXProject;
			attributes = {
				BuildIndependentTargetsInParallel = 1;
				LastSwiftUpdateCheck = 1540;
				LastUpgradeCheck = 1540;
				TargetAttributes = {
					32F86FC12C870C5F00B30A88 = {
						CreatedOnToolsVersion = 15.4;
					};
					32F86FD22C870C6000B30A88 = {
						CreatedOnToolsVersion = 15.4;
						TestTargetID = 32F86FC12C870C5F00B30A88;
					};
					32F86FDC2C870C6000B30A88 = {
						CreatedOnToolsVersion = 15.4;
						TestTargetID = 32F86FC12C870C5F00B30A88;
					};
				};
			};
			buildConfigurationList = 32F86FBD2C870C5F00B30A88 /* Build configuration list for PBXProject "ZeusApp" */;
			compatibilityVersion = "Xcode 14.0";
			developmentRegion = en;
			hasScannedForEncodings = 0;
			knownRegions = (
				en,
				Base,
			);
			mainGroup = 32F86FB92C870C5F00B30A88;
			productRefGroup = 32F86FC32C870C5F00B30A88 /* Products */;
			projectDirPath = "";
			projectRoot = "";
			targets = (
				32F86FC12C870C5F00B30A88 /* ZeusApp */,
				32F86FD22C870C6000B30A88 /* ZeusAppTests */,
				32F86FDC2C870C6000B30A88 /* ZeusAppUITests */,
			);
		};
/* End PBXProject section */

/* Begin PBXResourcesBuildPhase section */
		32F86FC02C870C5F00B30A88 /* Resources */ = {
			isa = PBXResourcesBuildPhase;
			buildActionMask = 2147483647;
			files = (
				32F86FCE2C870C6000B30A88 /* Preview Assets.xcassets in Resources */,
				32F86FCA2C870C6000B30A88 /* Assets.xcassets in Resources */,
			);
			runOnlyForDeploymentPostprocessing = 0;
		};
		32F86FD12C870C6000B30A88 /* Resources */ = {
			isa = PBXResourcesBuildPhase;
			buildActionMask = 2147483647;
			files = (
			);
			runOnlyForDeploymentPostprocessing = 0;
		};
		32F86FDB2C870C6000B30A88 /* Resources */ = {
			isa = PBXResourcesBuildPhase;
			buildActionMask = 2147483647;
			files = (
			);
			runOnlyForDeploymentPostprocessing = 0;
		};
/* End PBXResourcesBuildPhase section */

/* Begin PBXSourcesBuildPhase section */
		32F86FBE2C870C5F00B30A88 /* Sources */ = {
			isa = PBXSourcesBuildPhase;
			buildActionMask = 2147483647;
			files = (
				32F86FC82C870C5F00B30A88 /* ContentView.swift in Sources */,
				32F86FC62C870C5F00B30A88 /* ZeusAppApp.swift in Sources */,
			);
			runOnlyForDeploymentPostprocessing = 0;
		};
		32F86FCF2C870C6000B30A88 /* Sources */ = {
			isa = PBXSourcesBuildPhase;
			buildActionMask = 2147483647;
			files = (
				32F86FD82C870C6000B30A88 /* ZeusAppTests.swift in Sources */,
			);
			runOnlyForDeploymentPostprocessing = 0;
		};
		32F86FD92C870C6000B30A88 /* Sources */ = {
			isa = PBXSourcesBuildPhase;
			buildActionMask = 2147483647;
			files = (
				32F86FE22C870C6000B30A88 /* ZeusAppUITests.swift in Sources */,
				32F86FE42C870C6000B30A88 /* ZeusAppUITestsLaunchTests.swift in Sources */,
			);
			runOnlyForDeploymentPostprocessing = 0;
		};
/* End PBXSourcesBuildPhase section */

/* Begin PBXTargetDependency section */
		32F86FD52C870C6000B30A88 /* PBXTargetDependency */ = {
			isa = PBXTargetDependency;
			target = 32F86FC12C870C5F00B30A88 /* ZeusApp */;
			targetProxy = 32F86FD42C870C6000B30A88 /* PBXContainerItemProxy */;
		};
		32F86FDF2C870C6000B30A88 /* PBXTargetDependency */ = {
			isa = PBXTargetDependency;
			target = 32F86FC12C870C5F00B30A88 /* ZeusApp */;
			targetProxy = 32F86FDE2C870C6000B30A88 /* PBXContainerItemProxy */;
		};
/* End PBXTargetDependency section */

/* Begin XCBuildConfiguration section */
		32F86FE52C870C6000B30A88 /* Debug */ = {
			isa = XCBuildConfiguration;
			buildSettings = {
				ALWAYS_SEARCH_USER_PATHS = NO;
				ASSETCATALOG_COMPILER_GENERATE_SWIFT_ASSET_SYMBOL_EXTENSIONS = YES;
				CLANG_ANALYZER_NONNULL = YES;
				CLANG_ANALYZER_NUMBER_OBJECT_CONVERSION = YES_AGGRESSIVE;
				CLANG_CXX_LANGUAGE_STANDARD = "gnu++20";
				CLANG_ENABLE_MODULES = YES;
				CLANG_ENABLE_OBJC_ARC = YES;
				CLANG_ENABLE_OBJC_WEAK = YES;
				CLANG_WARN_BLOCK_CAPTURE_AUTORELEASING = YES;
				CLANG_WARN_BOOL_CONVERSION = YES;
				CLANG_WARN_COMMA = YES;
				CLANG_WARN_CONSTANT_CONVERSION = YES;
				CLANG_WARN_DEPRECATED_OBJC_IMPLEMENTATIONS = YES;
				CLANG_WARN_DIRECT_OBJC_ISA_USAGE = YES_ERROR;
				CLANG_WARN_DOCUMENTATION_COMMENTS = YES;
				CLANG_WARN_EMPTY_BODY = YES;
				CLANG_WARN_ENUM_CONVERSION = YES;
				CLANG_WARN_INFINITE_RECURSION = YES;
				CLANG_WARN_INT_CONVERSION = YES;
				CLANG_WARN_NON_LITERAL_NULL_CONVERSION = YES;
				CLANG_WARN_OBJC_IMPLICIT_RETAIN_SELF = YES;
				CLANG_WARN_OBJC_LITERAL_CONVERSION = YES;
				CLANG_WARN_OBJC_ROOT_CLASS = YES_ERROR;
				CLANG_WARN_QUOTED_INCLUDE_IN_FRAMEWORK_HEADER = YES;
				CLANG_WARN_RANGE_LOOP_ANALYSIS = YES;
				CLANG_WARN_STRICT_PROTOTYPES = YES;
				CLANG_WARN_SUSPICIOUS_MOVE = YES;
				CLANG_WARN_UNGUARDED_AVAILABILITY = YES_AGGRESSIVE;
				CLANG_WARN_UNREACHABLE_CODE = YES;
				CLANG_WARN__DUPLICATE_METHOD_MATCH = YES;
				COPY_PHASE_STRIP = NO;
				DEBUG_INFORMATION_FORMAT = dwarf;
				ENABLE_STRICT_OBJC_MSGSEND = YES;
				ENABLE_TESTABILITY = YES;
				ENABLE_USER_SCRIPT_SANDBOXING = YES;
				GCC_C_LANGUAGE_STANDARD = gnu17;
				GCC_DYNAMIC_NO_PIC = NO;
				GCC_NO_COMMON_BLOCKS = YES;
				GCC_OPTIMIZATION_LEVEL = 0;
				GCC_PREPROCESSOR_DEFINITIONS = (
					"DEBUG=1",
					"$(inherited)",
				);
				GCC_WARN_64_TO_32_BIT_CONVERSION = YES;
				GCC_WARN_ABOUT_RETURN_TYPE = YES_ERROR;
				GCC_WARN_UNDECLARED_SELECTOR = YES;
				GCC_WARN_UNINITIALIZED_AUTOS = YES_AGGRESSIVE;
				GCC_WARN_UNUSED_FUNCTION = YES;
				GCC_WARN_UNUSED_VARIABLE = YES;
				LOCALIZATION_PREFERS_STRING_CATALOGS = YES;
				MTL_ENABLE_DEBUG_INFO = INCLUDE_SOURCE;
				MTL_FAST_MATH = YES;
				ONLY_ACTIVE_ARCH = YES;
				SWIFT_ACTIVE_COMPILATION_CONDITIONS = "DEBUG $(inherited)";
				SWIFT_OPTIMIZATION_LEVEL = "-Onone";
			};
			name = Debug;
		};
		32F86FE62C870C6000B30A88 /* Release */ = {
			isa = XCBuildConfiguration;
			buildSettings = {
				ALWAYS_SEARCH_USER_PATHS = NO;
				ASSETCATALOG_COMPILER_GENERATE_SWIFT_ASSET_SYMBOL_EXTENSIONS = YES;
				CLANG_ANALYZER_NONNULL = YES;
				CLANG_ANALYZER_NUMBER_OBJECT_CONVERSION = YES_AGGRESSIVE;
				CLANG_CXX_LANGUAGE_STANDARD = "gnu++20";
				CLANG_ENABLE_MODULES = YES;
				CLANG_ENABLE_OBJC_ARC = YES;
				CLANG_ENABLE_OBJC_WEAK = YES;
				CLANG_WARN_BLOCK_CAPTURE_AUTORELEASING = YES;
				CLANG_WARN_BOOL_CONVERSION = YES;
				CLANG_WARN_COMMA = YES;
				CLANG_WARN_CONSTANT_CONVERSION = YES;
				CLANG_WARN_DEPRECATED_OBJC_IMPLEMENTATIONS = YES;
				CLANG_WARN_DIRECT_OBJC_ISA_USAGE = YES_ERROR;
				CLANG_WARN_DOCUMENTATION_COMMENTS = YES;
				CLANG_WARN_EMPTY_BODY = YES;
				CLANG_WARN_ENUM_CONVERSION = YES;
				CLANG_WARN_INFINITE_RECURSION = YES;
				CLANG_WARN_INT_CONVERSION = YES;
				CLANG_WARN_NON_LITERAL_NULL_CONVERSION = YES;
				CLANG_WARN_OBJC_IMPLICIT_RETAIN_SELF = YES;
				CLANG_WARN_OBJC_LITERAL_CONVERSION = YES;
				CLANG_WARN_OBJC_ROOT_CLASS = YES_ERROR;
				CLANG_WARN_QUOTED_INCLUDE_IN_FRAMEWORK_HEADER = YES;
				CLANG_WARN_RANGE_LOOP_ANALYSIS = YES;
				CLANG_WARN_STRICT_PROTOTYPES = YES;
				CLANG_WARN_SUSPICIOUS_MOVE = YES;
				CLANG_WARN_UNGUARDED_AVAILABILITY = YES_AGGRESSIVE;
				CLANG_WARN_UNREACHABLE_CODE = YES;
				CLANG_WARN__DUPLICATE_METHOD_MATCH = YES;
				COPY_PHASE_STRIP = NO;
				DEBUG_INFORMATION_FORMAT = "dwarf-with-dsym";
				ENABLE_NS_ASSERTIONS = NO;
				ENABLE_STRICT_OBJC_MSGSEND = YES;
				ENABLE_USER_SCRIPT_SANDBOXING = YES;
				GCC_C_LANGUAGE_STANDARD = gnu17;
				GCC_NO_COMMON_BLOCKS = YES;
				GCC_WARN_64_TO_32_BIT_CONVERSION = YES;
				GCC_WARN_ABOUT_RETURN_TYPE = YES_ERROR;
				GCC_WARN_UNDECLARED_SELECTOR = YES;
				GCC_WARN_UNINITIALIZED_AUTOS = YES_AGGRESSIVE;
				GCC_WARN_UNUSED_FUNCTION = YES;
				GCC_WARN_UNUSED_VARIABLE = YES;
				LOCALIZATION_PREFERS_STRING_CATALOGS = YES;
				MTL_ENABLE_DEBUG_INFO = NO;
				MTL_FAST_MATH = YES;
				SWIFT_COMPILATION_MODE = wholemodule;
			};
			name = Release;
		};
		32F86FE82C870C6000B30A88 /* Debug */ = {
			isa = XCBuildConfiguration;
			buildSettings = {
				ASSETCATALOG_COMPILER_APPICON_NAME = AppIcon;
				ASSETCATALOG_COMPILER_GLOBAL_ACCENT_COLOR_NAME = AccentColor;
				CODE_SIGN_ENTITLEMENTS = ZeusApp/ZeusApp.entitlements;
				CODE_SIGN_STYLE = Automatic;
				CURRENT_PROJECT_VERSION = 1;
				DEVELOPMENT_ASSET_PATHS = "\"ZeusApp/Preview Content\"";
				ENABLE_PREVIEWS = YES;
				GENERATE_INFOPLIST_FILE = YES;
				"INFOPLIST_KEY_UIApplicationSceneManifest_Generation[sdk=iphoneos*]" = YES;
				"INFOPLIST_KEY_UIApplicationSceneManifest_Generation[sdk=iphonesimulator*]" = YES;
				"INFOPLIST_KEY_UIApplicationSupportsIndirectInputEvents[sdk=iphoneos*]" = YES;
				"INFOPLIST_KEY_UIApplicationSupportsIndirectInputEvents[sdk=iphonesimulator*]" = YES;
				"INFOPLIST_KEY_UILaunchScreen_Generation[sdk=iphoneos*]" = YES;
				"INFOPLIST_KEY_UILaunchScreen_Generation[sdk=iphonesimulator*]" = YES;
				"INFOPLIST_KEY_UIStatusBarStyle[sdk=iphoneos*]" = UIStatusBarStyleDefault;
				"INFOPLIST_KEY_UIStatusBarStyle[sdk=iphonesimulator*]" = UIStatusBarStyleDefault;
				INFOPLIST_KEY_UISupportedInterfaceOrientations_iPad = "UIInterfaceOrientationPortrait UIInterfaceOrientationPortraitUpsideDown UIInterfaceOrientationLandscapeLeft UIInterfaceOrientationLandscapeRight";
				INFOPLIST_KEY_UISupportedInterfaceOrientations_iPhone = "UIInterfaceOrientationPortrait UIInterfaceOrientationLandscapeLeft UIInterfaceOrientationLandscapeRight";
				IPHONEOS_DEPLOYMENT_TARGET = 17.5;
				LD_RUNPATH_SEARCH_PATHS = "@executable_path/Frameworks";
				"LD_RUNPATH_SEARCH_PATHS[sdk=macosx*]" = "@executable_path/../Frameworks";
				MACOSX_DEPLOYMENT_TARGET = 14.5;
				MARKETING_VERSION = 1.0;
				PRODUCT_BUNDLE_IDENTIFIER = me.nixuge.ZeusApp;
				PRODUCT_NAME = "$(TARGET_NAME)";
				SDKROOT = auto;
				SUPPORTED_PLATFORMS = "iphoneos iphonesimulator macosx";
				SWIFT_EMIT_LOC_STRINGS = YES;
				SWIFT_VERSION = 5.0;
				TARGETED_DEVICE_FAMILY = "1,2";
			};
			name = Debug;
		};
		32F86FE92C870C6000B30A88 /* Release */ = {
			isa = XCBuildConfiguration;
			buildSettings = {
				ASSETCATALOG_COMPILER_APPICON_NAME = AppIcon;
				ASSETCATALOG_COMPILER_GLOBAL_ACCENT_COLOR_NAME = AccentColor;
				CODE_SIGN_ENTITLEMENTS = ZeusApp/ZeusApp.entitlements;
				CODE_SIGN_STYLE = Automatic;
				CURRENT_PROJECT_VERSION = 1;
				DEVELOPMENT_ASSET_PATHS = "\"ZeusApp/Preview Content\"";
				ENABLE_PREVIEWS = YES;
				GENERATE_INFOPLIST_FILE = YES;
				"INFOPLIST_KEY_UIApplicationSceneManifest_Generation[sdk=iphoneos*]" = YES;
				"INFOPLIST_KEY_UIApplicationSceneManifest_Generation[sdk=iphonesimulator*]" = YES;
				"INFOPLIST_KEY_UIApplicationSupportsIndirectInputEvents[sdk=iphoneos*]" = YES;
				"INFOPLIST_KEY_UIApplicationSupportsIndirectInputEvents[sdk=iphonesimulator*]" = YES;
				"INFOPLIST_KEY_UILaunchScreen_Generation[sdk=iphoneos*]" = YES;
				"INFOPLIST_KEY_UILaunchScreen_Generation[sdk=iphonesimulator*]" = YES;
				"INFOPLIST_KEY_UIStatusBarStyle[sdk=iphoneos*]" = UIStatusBarStyleDefault;
				"INFOPLIST_KEY_UIStatusBarStyle[sdk=iphonesimulator*]" = UIStatusBarStyleDefault;
				INFOPLIST_KEY_UISupportedInterfaceOrientations_iPad = "UIInterfaceOrientationPortrait UIInterfaceOrientationPortraitUpsideDown UIInterfaceOrientationLandscapeLeft UIInterfaceOrientationLandscapeRight";
				INFOPLIST_KEY_UISupportedInterfaceOrientations_iPhone = "UIInterfaceOrientationPortrait UIInterfaceOrientationLandscapeLeft UIInterfaceOrientationLandscapeRight";
				IPHONEOS_DEPLOYMENT_TARGET = 17.5;
				LD_RUNPATH_SEARCH_PATHS = "@executable_path/Frameworks";
				"LD_RUNPATH_SEARCH_PATHS[sdk=macosx*]" = "@executable_path/../Frameworks";
				MACOSX_DEPLOYMENT_TARGET = 14.5;
				MARKETING_VERSION = 1.0;
				PRODUCT_BUNDLE_IDENTIFIER = me.nixuge.ZeusApp;
				PRODUCT_NAME = "$(TARGET_NAME)";
				SDKROOT = auto;
				SUPPORTED_PLATFORMS = "iphoneos iphonesimulator macosx";
				SWIFT_EMIT_LOC_STRINGS = YES;
				SWIFT_VERSION = 5.0;
				TARGETED_DEVICE_FAMILY = "1,2";
			};
			name = Release;
		};
		32F86FEB2C870C6000B30A88 /* Debug */ = {
			isa = XCBuildConfiguration;
			buildSettings = {
				ALWAYS_EMBED_SWIFT_STANDARD_LIBRARIES = YES;
				BUNDLE_LOADER = "$(TEST_HOST)";
				CODE_SIGN_STYLE = Automatic;
				CURRENT_PROJECT_VERSION = 1;
				GENERATE_INFOPLIST_FILE = YES;
				IPHONEOS_DEPLOYMENT_TARGET = 17.5;
				MACOSX_DEPLOYMENT_TARGET = 14.5;
				MARKETING_VERSION = 1.0;
				PRODUCT_BUNDLE_IDENTIFIER = me.nixuge.ZeusAppTests;
				PRODUCT_NAME = "$(TARGET_NAME)";
				SDKROOT = auto;
				SUPPORTED_PLATFORMS = "iphoneos iphonesimulator macosx";
				SWIFT_EMIT_LOC_STRINGS = NO;
				SWIFT_VERSION = 5.0;
				TARGETED_DEVICE_FAMILY = "1,2";
				TEST_HOST = "$(BUILT_PRODUCTS_DIR)/ZeusApp.app/$(BUNDLE_EXECUTABLE_FOLDER_PATH)/ZeusApp";
			};
			name = Debug;
		};
		32F86FEC2C870C6000B30A88 /* Release */ = {
			isa = XCBuildConfiguration;
			buildSettings = {
				ALWAYS_EMBED_SWIFT_STANDARD_LIBRARIES = YES;
				BUNDLE_LOADER = "$(TEST_HOST)";
				CODE_SIGN_STYLE = Automatic;
				CURRENT_PROJECT_VERSION = 1;
				GENERATE_INFOPLIST_FILE = YES;
				IPHONEOS_DEPLOYMENT_TARGET = 17.5;
				MACOSX_DEPLOYMENT_TARGET = 14.5;
				MARKETING_VERSION = 1.0;
				PRODUCT_BUNDLE_IDENTIFIER = me.nixuge.ZeusAppTests;
				PRODUCT_NAME = "$(TARGET_NAME)";
				SDKROOT = auto;
				SUPPORTED_PLATFORMS = "iphoneos iphonesimulator macosx";
				SWIFT_EMIT_LOC_STRINGS = NO;
				SWIFT_VERSION = 5.0;
				TARGETED_DEVICE_FAMILY = "1,2";
				TEST_HOST = "$(BUILT_PRODUCTS_DIR)/ZeusApp.app/$(BUNDLE_EXECUTABLE_FOLDER_PATH)/ZeusApp";
			};
			name = Release;
		};
		32F86FEE2C870C6000B30A88 /* Debug */ = {
			isa = XCBuildConfiguration;
			buildSettings = {
				ALWAYS_EMBED_SWIFT_STANDARD_LIBRARIES = YES;
				CODE_SIGN_STYLE = Automatic;
				CURRENT_PROJECT_VERSION = 1;
				GENERATE_INFOPLIST_FILE = YES;
				IPHONEOS_DEPLOYMENT_TARGET = 17.5;
				MACOSX_DEPLOYMENT_TARGET = 14.5;
				MARKETING_VERSION = 1.0;
				PRODUCT_BUNDLE_IDENTIFIER = me.nixuge.ZeusAppUITests;
				PRODUCT_NAME = "$(TARGET_NAME)";
				SDKROOT = auto;
				SUPPORTED_PLATFORMS = "iphoneos iphonesimulator macosx";
				SWIFT_EMIT_LOC_STRINGS = NO;
				SWIFT_VERSION = 5.0;
				TARGETED_DEVICE_FAMILY = "1,2";
				TEST_TARGET_NAME = ZeusApp;
			};
			name = Debug;
		};
		32F86FEF2C870C6000B30A88 /* Release */ = {
			isa = XCBuildConfiguration;
			buildSettings = {
				ALWAYS_EMBED_SWIFT_STANDARD_LIBRARIES = YES;
				CODE_SIGN_STYLE = Automatic;
				CURRENT_PROJECT_VERSION = 1;
				GENERATE_INFOPLIST_FILE = YES;
				IPHONEOS_DEPLOYMENT_TARGET = 17.5;
				MACOSX_DEPLOYMENT_TARGET = 14.5;
				MARKETING_VERSION = 1.0;
				PRODUCT_BUNDLE_IDENTIFIER = me.nixuge.ZeusAppUITests;
				PRODUCT_NAME = "$(TARGET_NAME)";
				SDKROOT = auto;
				SUPPORTED_PLATFORMS = "iphoneos iphonesimulator macosx";
				SWIFT_EMIT_LOC_STRINGS = NO;
				SWIFT_VERSION = 5.0;
				TARGETED_DEVICE_FAMILY = "1,2";
				TEST_TARGET_NAME = ZeusApp;
			};
			name = Release;
		};
/* End XCBuildConfiguration section */

/* Begin XCConfigurationList section */
		32F86FBD2C870C5F00B30A88 /* Build configuration list for PBXProject "ZeusApp" */ = {
			isa = XCConfigurationList;
			buildConfigurations = (
				32F86FE52C870C6000B30A88 /* Debug */,
				32F86FE62C870C6000B30A88 /* Release */,
			);
			defaultConfigurationIsVisible = 0;
			defaultConfigurationName = Release;
		};
		32F86FE72C870C6000B30A88 /* Build configuration list for PBXNativeTarget "ZeusApp" */ = {
			isa = XCConfigurationList;
			buildConfigurations = (
				32F86FE82C870C6000B30A88 /* Debug */,
				32F86FE92C870C6000B30A88 /* Release */,
			);
			defaultConfigurationIsVisible = 0;
			defaultConfigurationName = Release;
		};
		32F86FEA2C870C6000B30A88 /* Build configuration list for PBXNativeTarget "ZeusAppTests" */ = {
			isa = XCConfigurationList;
			buildConfigurations = (
				32F86FEB2C870C6000B30A88 /* Debug */,
				32F86FEC2C870C6000B30A88 /* Release */,
			);
			defaultConfigurationIsVisible = 0;
			defaultConfigurationName = Release;
		};
		32F86FED2C870C6000B30A88 /* Build configuration list for PBXNativeTarget "ZeusAppUITests" */ = {
			isa = XCConfigurationList;
			buildConfigurations = (
				32F86FEE2C870C6000B30A88 /* Debug */,
				32F86FEF2C870C6000B30A88 /* Release */,
			);
			defaultConfigurationIsVisible = 0;
			defaultConfigurationName = Release;
		};
/* End XCConfigurationList section */
	};
	rootObject = 32F86FBA2C870C5F00B30A88 /* Project object */;
}
